{
  "requires": true,
  "lockfileVersion": 1,
  "dependencies": {
    "cldrjs": {
      "version": "0.5.4",
      "resolved": "https://registry.npmjs.org/cldrjs/-/cldrjs-0.5.4.tgz",
      "integrity": "sha512-6QkI7oPLUZ9vA5BQAmUOfh5JIpESfnYy/M8d7Ddl9Yx+z2TAnQgnc3kbgjkIgxsk5Y0tOY+n6itMWXzQQQ2IWg=="
    },
    "globalize": {
      "version": "1.6.0",
      "resolved": "https://registry.npmjs.org/globalize/-/globalize-1.6.0.tgz",
      "integrity": "sha512-MTuAU3Tnbtga8PvxbpSPdQNIs6K5UdATWIuarWJK2Z3e1DghXpxb/GmShSVagzHqCOYgZr7N/Hi7D1mrHG30jQ==",
      "requires": {
        "cldrjs": "^0.5.4"
      }
    }
  }
}
